// !$*UTF8*$!
{
	archiveVersion = 1;
	classes = {
	};
	objectVersion = 46;
	objects = {

/* Begin PBXBuildFile section */
		C9026392193D7F6A0020428E /* SGFiberPageBussiness.m in Sources */ = {isa = PBXBuildFile; fileRef = C9026391193D7F6A0020428E /* SGFiberPageBussiness.m */; };
		C9CF6589194DA68500957BB1 /* SGMainViewController.m in Sources */ = {isa = PBXBuildFile; fileRef = C9CF6588194DA68500957BB1 /* SGMainViewController.m */; };
		C9CF658C194DA6B200957BB1 /* SGCableViewController.m in Sources */ = {isa = PBXBuildFile; fileRef = C9CF658B194DA6B200957BB1 /* SGCableViewController.m */; };
		C9CF6590194DC1C400957BB1 /* SGHomeViewController.m in Sources */ = {isa = PBXBuildFile; fileRef = C9CF658F194DC1C400957BB1 /* SGHomeViewController.m */; };
		C9CF6593194DC48D00957BB1 /* SGFiberViewController.m in Sources */ = {isa = PBXBuildFile; fileRef = C9CF6592194DC48D00957BB1 /* SGFiberViewController.m */; };
		C9CF6596194DC49700957BB1 /* SGPortViewController.m in Sources */ = {isa = PBXBuildFile; fileRef = C9CF6595194DC49700957BB1 /* SGPortViewController.m */; };
		C9CF6599194DC4FF00957BB1 /* SGLeftDock.m in Sources */ = {isa = PBXBuildFile; fileRef = C9CF6598194DC4FF00957BB1 /* SGLeftDock.m */; };
		C9CF65E3194DC97500957BB1 /* SGLeftDockItem.m in Sources */ = {isa = PBXBuildFile; fileRef = C9CF65E2194DC97500957BB1 /* SGLeftDockItem.m */; };
		C9CF65E6194DCB7F00957BB1 /* SGSettingViewController.m in Sources */ = {isa = PBXBuildFile; fileRef = C9CF65E5194DCB7F00957BB1 /* SGSettingViewController.m */; };
		C9CF65E9194DCBB500957BB1 /* SGScanViewController.m in Sources */ = {isa = PBXBuildFile; fileRef = C9CF65E8194DCBB500957BB1 /* SGScanViewController.m */; };
		C9CF65ED194DCDB200957BB1 /* SGLeftDockButton.m in Sources */ = {isa = PBXBuildFile; fileRef = C9CF65EC194DCDB200957BB1 /* SGLeftDockButton.m */; };
		C9CF65F0194DCF6400957BB1 /* UIImage+Fit.m in Sources */ = {isa = PBXBuildFile; fileRef = C9CF65EF194DCF6400957BB1 /* UIImage+Fit.m */; };
		C9CF65F3194DE75B00957BB1 /* tabbar_separate_g_line_v.png in Resources */ = {isa = PBXBuildFile; fileRef = C9CF65F2194DE75B00957BB1 /* tabbar_separate_g_line_v.png */; };
		C9CF65F5194DE78900957BB1 /* tabbar_separate_line.png in Resources */ = {isa = PBXBuildFile; fileRef = C9CF65F4194DE78900957BB1 /* tabbar_separate_line.png */; };
		C9CF65F7194DE79700957BB1 /* tabbar_separate_selected_bg.png in Resources */ = {isa = PBXBuildFile; fileRef = C9CF65F6194DE79700957BB1 /* tabbar_separate_selected_bg.png */; };
		C9CF65F9194DE82200957BB1 /* tab_bar_app_icon.png in Resources */ = {isa = PBXBuildFile; fileRef = C9CF65F8194DE82200957BB1 /* tab_bar_app_icon.png */; };
		C9CF65FB194DE82F00957BB1 /* tab_bar_pic_setting_icon.png in Resources */ = {isa = PBXBuildFile; fileRef = C9CF65FA194DE82F00957BB1 /* tab_bar_pic_setting_icon.png */; };
		C9CF65FD194DE83B00957BB1 /* tab_bar_pic_wall_icon.png in Resources */ = {isa = PBXBuildFile; fileRef = C9CF65FC194DE83B00957BB1 /* tab_bar_pic_wall_icon.png */; };
		C9CF65FF194DE97200957BB1 /* tabbar_separate_ugc_line_v.png in Resources */ = {isa = PBXBuildFile; fileRef = C9CF65FE194DE97200957BB1 /* tabbar_separate_ugc_line_v.png */; };
		C9CF6602194DEDF600957BB1 /* SGBaseViewController.m in Sources */ = {isa = PBXBuildFile; fileRef = C9CF6601194DEDF600957BB1 /* SGBaseViewController.m */; };
		C9DD683B194F19C7005776B5 /* SGSectionFooterView.m in Sources */ = {isa = PBXBuildFile; fileRef = C9DD683A194F19C7005776B5 /* SGSectionFooterView.m */; };
		C9E1A226194C404900B6467B /* SGPortPageBussiness.m in Sources */ = {isa = PBXBuildFile; fileRef = C9E1A225194C404900B6467B /* SGPortPageBussiness.m */; };
		C9E1A22D194C831D00B6467B /* SGEntity.m in Sources */ = {isa = PBXBuildFile; fileRef = C9E1A22C194C831D00B6467B /* SGEntity.m */; };
		C9EBBB0D194E92B4005DE69A /* WebViewJavascriptBridge.js.txt in Resources */ = {isa = PBXBuildFile; fileRef = C9EBBB0B194E92B4005DE69A /* WebViewJavascriptBridge.js.txt */; };
		C9EBBB0E194E92B4005DE69A /* WebViewJavascriptBridge.m in Sources */ = {isa = PBXBuildFile; fileRef = C9EBBB0C194E92B4005DE69A /* WebViewJavascriptBridge.m */; };
		C9EBBB1B194E99BD005DE69A /* SGRoomCell.m in Sources */ = {isa = PBXBuildFile; fileRef = C9EBBB1A194E99BD005DE69A /* SGRoomCell.m */; };
		C9EBBB1D194E9A32005DE69A /* SGRoomCell.xib in Resources */ = {isa = PBXBuildFile; fileRef = C9EBBB1C194E9A32005DE69A /* SGRoomCell.xib */; };
		C9EBBB20194E9F13005DE69A /* XMLReader.m in Sources */ = {isa = PBXBuildFile; fileRef = C9EBBB1F194E9F13005DE69A /* XMLReader.m */; };
		C9EBBB27194EB1DF005DE69A /* SGSectionHeaderView.m in Sources */ = {isa = PBXBuildFile; fileRef = C9EBBB26194EB1DF005DE69A /* SGSectionHeaderView.m */; };
		C9EDB66419513C9E00A62D08 /* libxml2.2.dylib in Frameworks */ = {isa = PBXBuildFile; fileRef = C9EDB66319513C9E00A62D08 /* libxml2.2.dylib */; };
		C9EDB66619513CA900A62D08 /* libxml2.dylib in Frameworks */ = {isa = PBXBuildFile; fileRef = C9EDB66519513CA900A62D08 /* libxml2.dylib */; };
		C9F03C2A19170F5400355991 /* Foundation.framework in Frameworks */ = {isa = PBXBuildFile; fileRef = C9F03C2919170F5400355991 /* Foundation.framework */; };
		C9F03C2C19170F5400355991 /* CoreGraphics.framework in Frameworks */ = {isa = PBXBuildFile; fileRef = C9F03C2B19170F5400355991 /* CoreGraphics.framework */; };
		C9F03C2E19170F5400355991 /* UIKit.framework in Frameworks */ = {isa = PBXBuildFile; fileRef = C9F03C2D19170F5400355991 /* UIKit.framework */; };
		C9F03C3419170F5400355991 /* InfoPlist.strings in Resources */ = {isa = PBXBuildFile; fileRef = C9F03C3219170F5400355991 /* InfoPlist.strings */; };
		C9F03C3619170F5400355991 /* main.m in Sources */ = {isa = PBXBuildFile; fileRef = C9F03C3519170F5400355991 /* main.m */; };
		C9F03C3A19170F5400355991 /* SGAppDelegate.m in Sources */ = {isa = PBXBuildFile; fileRef = C9F03C3919170F5400355991 /* SGAppDelegate.m */; };
		C9F03C3D19170F5400355991 /* Main.storyboard in Resources */ = {isa = PBXBuildFile; fileRef = C9F03C3B19170F5400355991 /* Main.storyboard */; };
		C9F03C4219170F5400355991 /* Images.xcassets in Resources */ = {isa = PBXBuildFile; fileRef = C9F03C4119170F5400355991 /* Images.xcassets */; };
		C9F03C4919170F5400355991 /* XCTest.framework in Frameworks */ = {isa = PBXBuildFile; fileRef = C9F03C4819170F5400355991 /* XCTest.framework */; };
		C9F03C4A19170F5400355991 /* Foundation.framework in Frameworks */ = {isa = PBXBuildFile; fileRef = C9F03C2919170F5400355991 /* Foundation.framework */; };
		C9F03C4B19170F5400355991 /* UIKit.framework in Frameworks */ = {isa = PBXBuildFile; fileRef = C9F03C2D19170F5400355991 /* UIKit.framework */; };
		C9F03C5319170F5400355991 /* InfoPlist.strings in Resources */ = {isa = PBXBuildFile; fileRef = C9F03C5119170F5400355991 /* InfoPlist.strings */; };
		C9F03C5519170F5400355991 /* SGClientTests.m in Sources */ = {isa = PBXBuildFile; fileRef = C9F03C5419170F5400355991 /* SGClientTests.m */; };
		C9F03C6019170F8A00355991 /* data.sqlite in Resources */ = {isa = PBXBuildFile; fileRef = C9F03C5F19170F8A00355991 /* data.sqlite */; };
		C9F03C6F1917108F00355991 /* FMDatabase.m in Sources */ = {isa = PBXBuildFile; fileRef = C9F03C661917108F00355991 /* FMDatabase.m */; };
		C9F03C701917108F00355991 /* FMResultSet.m in Sources */ = {isa = PBXBuildFile; fileRef = C9F03C681917108F00355991 /* FMResultSet.m */; };
		C9F03C711917108F00355991 /* FMDatabaseQueue.m in Sources */ = {isa = PBXBuildFile; fileRef = C9F03C6A1917108F00355991 /* FMDatabaseQueue.m */; };
		C9F03C721917108F00355991 /* FMDatabaseAdditions.m in Sources */ = {isa = PBXBuildFile; fileRef = C9F03C6C1917108F00355991 /* FMDatabaseAdditions.m */; };
		C9F03C731917108F00355991 /* FMDatabasePool.m in Sources */ = {isa = PBXBuildFile; fileRef = C9F03C6E1917108F00355991 /* FMDatabasePool.m */; };
		C9F03C761917113400355991 /* SGDataBase.m in Sources */ = {isa = PBXBuildFile; fileRef = C9F03C751917113400355991 /* SGDataBase.m */; };
		C9F03C801917142C00355991 /* SGUtility.m in Sources */ = {isa = PBXBuildFile; fileRef = C9F03C7F1917142C00355991 /* SGUtility.m */; };
		C9F03C821917168800355991 /* Localizable.strings in Resources */ = {isa = PBXBuildFile; fileRef = C9F03C811917168800355991 /* Localizable.strings */; };
		C9F03C8619171B4200355991 /* SGMainPageBussiness.m in Sources */ = {isa = PBXBuildFile; fileRef = C9F03C8519171B4200355991 /* SGMainPageBussiness.m */; };
		C9F03C8919171C0700355991 /* SGAPPConfig.m in Sources */ = {isa = PBXBuildFile; fileRef = C9F03C8819171C0700355991 /* SGAPPConfig.m */; };
		C9F03C8E19171F9200355991 /* libsqlite3.dylib in Frameworks */ = {isa = PBXBuildFile; fileRef = C9F03C8D19171F9200355991 /* libsqlite3.dylib */; };
		C9F03C911917737C00355991 /* SGBaseBussiness.m in Sources */ = {isa = PBXBuildFile; fileRef = C9F03C901917737C00355991 /* SGBaseBussiness.m */; };
		C9F26F341929EDB4006A4BAC /* SGCablePageBussiness.m in Sources */ = {isa = PBXBuildFile; fileRef = C9F26F331929EDB4006A4BAC /* SGCablePageBussiness.m */; };
/* End PBXBuildFile section */

/* Begin PBXContainerItemProxy section */
		C9F03C4C19170F5400355991 /* PBXContainerItemProxy */ = {
			isa = PBXContainerItemProxy;
			containerPortal = C9F03C1E19170F5400355991 /* Project object */;
			proxyType = 1;
			remoteGlobalIDString = C9F03C2519170F5400355991;
			remoteInfo = SGClient;
		};
/* End PBXContainerItemProxy section */

/* Begin PBXFileReference section */
		C9026390193D7F6A0020428E /* SGFiberPageBussiness.h */ = {isa = PBXFileReference; fileEncoding = 4; lastKnownFileType = sourcecode.c.h; path = SGFiberPageBussiness.h; sourceTree = "<group>"; };
		C9026391193D7F6A0020428E /* SGFiberPageBussiness.m */ = {isa = PBXFileReference; fileEncoding = 4; lastKnownFileType = sourcecode.c.objc; path = SGFiberPageBussiness.m; sourceTree = "<group>"; };
		C9CF6587194DA68500957BB1 /* SGMainViewController.h */ = {isa = PBXFileReference; fileEncoding = 4; lastKnownFileType = sourcecode.c.h; path = SGMainViewController.h; sourceTree = "<group>"; };
		C9CF6588194DA68500957BB1 /* SGMainViewController.m */ = {isa = PBXFileReference; fileEncoding = 4; lastKnownFileType = sourcecode.c.objc; path = SGMainViewController.m; sourceTree = "<group>"; };
		C9CF658A194DA6B200957BB1 /* SGCableViewController.h */ = {isa = PBXFileReference; fileEncoding = 4; lastKnownFileType = sourcecode.c.h; path = SGCableViewController.h; sourceTree = "<group>"; };
		C9CF658B194DA6B200957BB1 /* SGCableViewController.m */ = {isa = PBXFileReference; fileEncoding = 4; lastKnownFileType = sourcecode.c.objc; path = SGCableViewController.m; sourceTree = "<group>"; };
		C9CF658E194DC1C400957BB1 /* SGHomeViewController.h */ = {isa = PBXFileReference; fileEncoding = 4; lastKnownFileType = sourcecode.c.h; path = SGHomeViewController.h; sourceTree = "<group>"; };
		C9CF658F194DC1C400957BB1 /* SGHomeViewController.m */ = {isa = PBXFileReference; fileEncoding = 4; lastKnownFileType = sourcecode.c.objc; path = SGHomeViewController.m; sourceTree = "<group>"; };
		C9CF6591194DC48D00957BB1 /* SGFiberViewController.h */ = {isa = PBXFileReference; fileEncoding = 4; lastKnownFileType = sourcecode.c.h; path = SGFiberViewController.h; sourceTree = "<group>"; };
		C9CF6592194DC48D00957BB1 /* SGFiberViewController.m */ = {isa = PBXFileReference; fileEncoding = 4; lastKnownFileType = sourcecode.c.objc; path = SGFiberViewController.m; sourceTree = "<group>"; };
		C9CF6594194DC49700957BB1 /* SGPortViewController.h */ = {isa = PBXFileReference; fileEncoding = 4; lastKnownFileType = sourcecode.c.h; path = SGPortViewController.h; sourceTree = "<group>"; };
		C9CF6595194DC49700957BB1 /* SGPortViewController.m */ = {isa = PBXFileReference; fileEncoding = 4; lastKnownFileType = sourcecode.c.objc; path = SGPortViewController.m; sourceTree = "<group>"; };
		C9CF6597194DC4FF00957BB1 /* SGLeftDock.h */ = {isa = PBXFileReference; fileEncoding = 4; lastKnownFileType = sourcecode.c.h; path = SGLeftDock.h; sourceTree = "<group>"; };
		C9CF6598194DC4FF00957BB1 /* SGLeftDock.m */ = {isa = PBXFileReference; fileEncoding = 4; lastKnownFileType = sourcecode.c.objc; path = SGLeftDock.m; sourceTree = "<group>"; };
		C9CF65E1194DC97500957BB1 /* SGLeftDockItem.h */ = {isa = PBXFileReference; fileEncoding = 4; lastKnownFileType = sourcecode.c.h; path = SGLeftDockItem.h; sourceTree = "<group>"; };
		C9CF65E2194DC97500957BB1 /* SGLeftDockItem.m */ = {isa = PBXFileReference; fileEncoding = 4; lastKnownFileType = sourcecode.c.objc; path = SGLeftDockItem.m; sourceTree = "<group>"; };
		C9CF65E4194DCB7F00957BB1 /* SGSettingViewController.h */ = {isa = PBXFileReference; fileEncoding = 4; lastKnownFileType = sourcecode.c.h; path = SGSettingViewController.h; sourceTree = "<group>"; };
		C9CF65E5194DCB7F00957BB1 /* SGSettingViewController.m */ = {isa = PBXFileReference; fileEncoding = 4; lastKnownFileType = sourcecode.c.objc; path = SGSettingViewController.m; sourceTree = "<group>"; };
		C9CF65E7194DCBB500957BB1 /* SGScanViewController.h */ = {isa = PBXFileReference; fileEncoding = 4; lastKnownFileType = sourcecode.c.h; path = SGScanViewController.h; sourceTree = "<group>"; };
		C9CF65E8194DCBB500957BB1 /* SGScanViewController.m */ = {isa = PBXFileReference; fileEncoding = 4; lastKnownFileType = sourcecode.c.objc; path = SGScanViewController.m; sourceTree = "<group>"; };
		C9CF65EB194DCDB200957BB1 /* SGLeftDockButton.h */ = {isa = PBXFileReference; fileEncoding = 4; lastKnownFileType = sourcecode.c.h; path = SGLeftDockButton.h; sourceTree = "<group>"; };
		C9CF65EC194DCDB200957BB1 /* SGLeftDockButton.m */ = {isa = PBXFileReference; fileEncoding = 4; lastKnownFileType = sourcecode.c.objc; path = SGLeftDockButton.m; sourceTree = "<group>"; };
		C9CF65EE194DCF6400957BB1 /* UIImage+Fit.h */ = {isa = PBXFileReference; fileEncoding = 4; lastKnownFileType = sourcecode.c.h; path = "UIImage+Fit.h"; sourceTree = "<group>"; };
		C9CF65EF194DCF6400957BB1 /* UIImage+Fit.m */ = {isa = PBXFileReference; fileEncoding = 4; lastKnownFileType = sourcecode.c.objc; path = "UIImage+Fit.m"; sourceTree = "<group>"; };
		C9CF65F1194DDBC600957BB1 /* NUApp-Macro.h */ = {isa = PBXFileReference; fileEncoding = 4; lastKnownFileType = sourcecode.c.h; path = "NUApp-Macro.h"; sourceTree = "<group>"; };
		C9CF65F2194DE75B00957BB1 /* tabbar_separate_g_line_v.png */ = {isa = PBXFileReference; lastKnownFileType = image.png; path = tabbar_separate_g_line_v.png; sourceTree = "<group>"; };
		C9CF65F4194DE78900957BB1 /* tabbar_separate_line.png */ = {isa = PBXFileReference; lastKnownFileType = image.png; path = tabbar_separate_line.png; sourceTree = "<group>"; };
		C9CF65F6194DE79700957BB1 /* tabbar_separate_selected_bg.png */ = {isa = PBXFileReference; lastKnownFileType = image.png; path = tabbar_separate_selected_bg.png; sourceTree = "<group>"; };
		C9CF65F8194DE82200957BB1 /* tab_bar_app_icon.png */ = {isa = PBXFileReference; lastKnownFileType = image.png; path = tab_bar_app_icon.png; sourceTree = "<group>"; };
		C9CF65FA194DE82F00957BB1 /* tab_bar_pic_setting_icon.png */ = {isa = PBXFileReference; lastKnownFileType = image.png; path = tab_bar_pic_setting_icon.png; sourceTree = "<group>"; };
		C9CF65FC194DE83B00957BB1 /* tab_bar_pic_wall_icon.png */ = {isa = PBXFileReference; lastKnownFileType = image.png; path = tab_bar_pic_wall_icon.png; sourceTree = "<group>"; };
		C9CF65FE194DE97200957BB1 /* tabbar_separate_ugc_line_v.png */ = {isa = PBXFileReference; lastKnownFileType = image.png; path = tabbar_separate_ugc_line_v.png; sourceTree = "<group>"; };
		C9CF6600194DEDF600957BB1 /* SGBaseViewController.h */ = {isa = PBXFileReference; fileEncoding = 4; lastKnownFileType = sourcecode.c.h; path = SGBaseViewController.h; sourceTree = "<group>"; };
		C9CF6601194DEDF600957BB1 /* SGBaseViewController.m */ = {isa = PBXFileReference; fileEncoding = 4; lastKnownFileType = sourcecode.c.objc; path = SGBaseViewController.m; sourceTree = "<group>"; };
		C9DD6839194F19C7005776B5 /* SGSectionFooterView.h */ = {isa = PBXFileReference; fileEncoding = 4; lastKnownFileType = sourcecode.c.h; path = SGSectionFooterView.h; sourceTree = "<group>"; };
		C9DD683A194F19C7005776B5 /* SGSectionFooterView.m */ = {isa = PBXFileReference; fileEncoding = 4; lastKnownFileType = sourcecode.c.objc; path = SGSectionFooterView.m; sourceTree = "<group>"; };
		C9E1A224194C404900B6467B /* SGPortPageBussiness.h */ = {isa = PBXFileReference; fileEncoding = 4; lastKnownFileType = sourcecode.c.h; path = SGPortPageBussiness.h; sourceTree = "<group>"; };
		C9E1A225194C404900B6467B /* SGPortPageBussiness.m */ = {isa = PBXFileReference; fileEncoding = 4; lastKnownFileType = sourcecode.c.objc; path = SGPortPageBussiness.m; sourceTree = "<group>"; };
		C9E1A22B194C831D00B6467B /* SGEntity.h */ = {isa = PBXFileReference; fileEncoding = 4; lastKnownFileType = sourcecode.c.h; path = SGEntity.h; sourceTree = "<group>"; };
		C9E1A22C194C831D00B6467B /* SGEntity.m */ = {isa = PBXFileReference; fileEncoding = 4; lastKnownFileType = sourcecode.c.objc; path = SGEntity.m; sourceTree = "<group>"; };
		C9EBBB0A194E92B4005DE69A /* WebViewJavascriptBridge.h */ = {isa = PBXFileReference; fileEncoding = 4; lastKnownFileType = sourcecode.c.h; path = WebViewJavascriptBridge.h; sourceTree = "<group>"; };
		C9EBBB0B194E92B4005DE69A /* WebViewJavascriptBridge.js.txt */ = {isa = PBXFileReference; fileEncoding = 4; lastKnownFileType = text; path = WebViewJavascriptBridge.js.txt; sourceTree = "<group>"; };
		C9EBBB0C194E92B4005DE69A /* WebViewJavascriptBridge.m */ = {isa = PBXFileReference; fileEncoding = 4; lastKnownFileType = sourcecode.c.objc; path = WebViewJavascriptBridge.m; sourceTree = "<group>"; };
		C9EBBB19194E99BD005DE69A /* SGRoomCell.h */ = {isa = PBXFileReference; fileEncoding = 4; lastKnownFileType = sourcecode.c.h; path = SGRoomCell.h; sourceTree = "<group>"; };
		C9EBBB1A194E99BD005DE69A /* SGRoomCell.m */ = {isa = PBXFileReference; fileEncoding = 4; lastKnownFileType = sourcecode.c.objc; path = SGRoomCell.m; sourceTree = "<group>"; };
		C9EBBB1C194E9A32005DE69A /* SGRoomCell.xib */ = {isa = PBXFileReference; fileEncoding = 4; lastKnownFileType = file.xib; path = SGRoomCell.xib; sourceTree = "<group>"; };
		C9EBBB1E194E9F13005DE69A /* XMLReader.h */ = {isa = PBXFileReference; fileEncoding = 4; lastKnownFileType = sourcecode.c.h; path = XMLReader.h; sourceTree = "<group>"; };
		C9EBBB1F194E9F13005DE69A /* XMLReader.m */ = {isa = PBXFileReference; fileEncoding = 4; lastKnownFileType = sourcecode.c.objc; path = XMLReader.m; sourceTree = "<group>"; };
		C9EBBB25194EB1DF005DE69A /* SGSectionHeaderView.h */ = {isa = PBXFileReference; fileEncoding = 4; lastKnownFileType = sourcecode.c.h; path = SGSectionHeaderView.h; sourceTree = "<group>"; };
		C9EBBB26194EB1DF005DE69A /* SGSectionHeaderView.m */ = {isa = PBXFileReference; fileEncoding = 4; lastKnownFileType = sourcecode.c.objc; path = SGSectionHeaderView.m; sourceTree = "<group>"; };
		C9EDB66319513C9E00A62D08 /* libxml2.2.dylib */ = {isa = PBXFileReference; lastKnownFileType = "compiled.mach-o.dylib"; name = libxml2.2.dylib; path = usr/lib/libxml2.2.dylib; sourceTree = SDKROOT; };
		C9EDB66519513CA900A62D08 /* libxml2.dylib */ = {isa = PBXFileReference; lastKnownFileType = "compiled.mach-o.dylib"; name = libxml2.dylib; path = usr/lib/libxml2.dylib; sourceTree = SDKROOT; };
		C9F03C2619170F5400355991 /* SGClient.app */ = {isa = PBXFileReference; explicitFileType = wrapper.application; includeInIndex = 0; path = SGClient.app; sourceTree = BUILT_PRODUCTS_DIR; };
		C9F03C2919170F5400355991 /* Foundation.framework */ = {isa = PBXFileReference; lastKnownFileType = wrapper.framework; name = Foundation.framework; path = System/Library/Frameworks/Foundation.framework; sourceTree = SDKROOT; };
		C9F03C2B19170F5400355991 /* CoreGraphics.framework */ = {isa = PBXFileReference; lastKnownFileType = wrapper.framework; name = CoreGraphics.framework; path = System/Library/Frameworks/CoreGraphics.framework; sourceTree = SDKROOT; };
		C9F03C2D19170F5400355991 /* UIKit.framework */ = {isa = PBXFileReference; lastKnownFileType = wrapper.framework; name = UIKit.framework; path = System/Library/Frameworks/UIKit.framework; sourceTree = SDKROOT; };
		C9F03C3119170F5400355991 /* SGClient-Info.plist */ = {isa = PBXFileReference; lastKnownFileType = text.plist.xml; path = "SGClient-Info.plist"; sourceTree = "<group>"; };
		C9F03C3319170F5400355991 /* en */ = {isa = PBXFileReference; lastKnownFileType = text.plist.strings; name = en; path = en.lproj/InfoPlist.strings; sourceTree = "<group>"; };
		C9F03C3519170F5400355991 /* main.m */ = {isa = PBXFileReference; lastKnownFileType = sourcecode.c.objc; path = main.m; sourceTree = "<group>"; };
		C9F03C3719170F5400355991 /* SGClient-Prefix.pch */ = {isa = PBXFileReference; lastKnownFileType = sourcecode.c.h; path = "SGClient-Prefix.pch"; sourceTree = "<group>"; };
		C9F03C3819170F5400355991 /* SGAppDelegate.h */ = {isa = PBXFileReference; lastKnownFileType = sourcecode.c.h; path = SGAppDelegate.h; sourceTree = "<group>"; };
		C9F03C3919170F5400355991 /* SGAppDelegate.m */ = {isa = PBXFileReference; lastKnownFileType = sourcecode.c.objc; path = SGAppDelegate.m; sourceTree = "<group>"; };
		C9F03C3C19170F5400355991 /* Base */ = {isa = PBXFileReference; lastKnownFileType = file.storyboard; name = Base; path = Base.lproj/Main.storyboard; sourceTree = "<group>"; };
		C9F03C4119170F5400355991 /* Images.xcassets */ = {isa = PBXFileReference; lastKnownFileType = folder.assetcatalog; path = Images.xcassets; sourceTree = "<group>"; };
		C9F03C4719170F5400355991 /* SGClientTests.xctest */ = {isa = PBXFileReference; explicitFileType = wrapper.cfbundle; includeInIndex = 0; path = SGClientTests.xctest; sourceTree = BUILT_PRODUCTS_DIR; };
		C9F03C4819170F5400355991 /* XCTest.framework */ = {isa = PBXFileReference; lastKnownFileType = wrapper.framework; name = XCTest.framework; path = Library/Frameworks/XCTest.framework; sourceTree = DEVELOPER_DIR; };
		C9F03C5019170F5400355991 /* SGClientTests-Info.plist */ = {isa = PBXFileReference; lastKnownFileType = text.plist.xml; path = "SGClientTests-Info.plist"; sourceTree = "<group>"; };
		C9F03C5219170F5400355991 /* en */ = {isa = PBXFileReference; lastKnownFileType = text.plist.strings; name = en; path = en.lproj/InfoPlist.strings; sourceTree = "<group>"; };
		C9F03C5419170F5400355991 /* SGClientTests.m */ = {isa = PBXFileReference; lastKnownFileType = sourcecode.c.objc; path = SGClientTests.m; sourceTree = "<group>"; };
		C9F03C5F19170F8A00355991 /* data.sqlite */ = {isa = PBXFileReference; lastKnownFileType = file; path = data.sqlite; sourceTree = "<group>"; };
		C9F03C641917108F00355991 /* FMDB.h */ = {isa = PBXFileReference; fileEncoding = 4; lastKnownFileType = sourcecode.c.h; path = FMDB.h; sourceTree = "<group>"; };
		C9F03C651917108F00355991 /* FMDatabase.h */ = {isa = PBXFileReference; fileEncoding = 4; lastKnownFileType = sourcecode.c.h; path = FMDatabase.h; sourceTree = "<group>"; };
		C9F03C661917108F00355991 /* FMDatabase.m */ = {isa = PBXFileReference; fileEncoding = 4; lastKnownFileType = sourcecode.c.objc; path = FMDatabase.m; sourceTree = "<group>"; };
		C9F03C671917108F00355991 /* FMResultSet.h */ = {isa = PBXFileReference; fileEncoding = 4; lastKnownFileType = sourcecode.c.h; path = FMResultSet.h; sourceTree = "<group>"; };
		C9F03C681917108F00355991 /* FMResultSet.m */ = {isa = PBXFileReference; fileEncoding = 4; lastKnownFileType = sourcecode.c.objc; path = FMResultSet.m; sourceTree = "<group>"; };
		C9F03C691917108F00355991 /* FMDatabaseQueue.h */ = {isa = PBXFileReference; fileEncoding = 4; lastKnownFileType = sourcecode.c.h; path = FMDatabaseQueue.h; sourceTree = "<group>"; };
		C9F03C6A1917108F00355991 /* FMDatabaseQueue.m */ = {isa = PBXFileReference; fileEncoding = 4; lastKnownFileType = sourcecode.c.objc; path = FMDatabaseQueue.m; sourceTree = "<group>"; };
		C9F03C6B1917108F00355991 /* FMDatabaseAdditions.h */ = {isa = PBXFileReference; fileEncoding = 4; lastKnownFileType = sourcecode.c.h; path = FMDatabaseAdditions.h; sourceTree = "<group>"; };
		C9F03C6C1917108F00355991 /* FMDatabaseAdditions.m */ = {isa = PBXFileReference; fileEncoding = 4; lastKnownFileType = sourcecode.c.objc; path = FMDatabaseAdditions.m; sourceTree = "<group>"; };
		C9F03C6D1917108F00355991 /* FMDatabasePool.h */ = {isa = PBXFileReference; fileEncoding = 4; lastKnownFileType = sourcecode.c.h; path = FMDatabasePool.h; sourceTree = "<group>"; };
		C9F03C6E1917108F00355991 /* FMDatabasePool.m */ = {isa = PBXFileReference; fileEncoding = 4; lastKnownFileType = sourcecode.c.objc; path = FMDatabasePool.m; sourceTree = "<group>"; };
		C9F03C741917113400355991 /* SGDataBase.h */ = {isa = PBXFileReference; fileEncoding = 4; lastKnownFileType = sourcecode.c.h; path = SGDataBase.h; sourceTree = "<group>"; };
		C9F03C751917113400355991 /* SGDataBase.m */ = {isa = PBXFileReference; fileEncoding = 4; lastKnownFileType = sourcecode.c.objc; path = SGDataBase.m; sourceTree = "<group>"; };
		C9F03C7A191711C600355991 /* NUSynthesizeSingleton.h */ = {isa = PBXFileReference; fileEncoding = 4; lastKnownFileType = sourcecode.c.h; path = NUSynthesizeSingleton.h; sourceTree = "<group>"; };
		C9F03C7B191711C600355991 /* NUGCDSingleton.h */ = {isa = PBXFileReference; fileEncoding = 4; lastKnownFileType = sourcecode.c.h; path = NUGCDSingleton.h; sourceTree = "<group>"; };
		C9F03C7E1917142C00355991 /* SGUtility.h */ = {isa = PBXFileReference; fileEncoding = 4; lastKnownFileType = sourcecode.c.h; path = SGUtility.h; sourceTree = "<group>"; };
		C9F03C7F1917142C00355991 /* SGUtility.m */ = {isa = PBXFileReference; fileEncoding = 4; lastKnownFileType = sourcecode.c.objc; path = SGUtility.m; sourceTree = "<group>"; };
		C9F03C811917168800355991 /* Localizable.strings */ = {isa = PBXFileReference; fileEncoding = 4; lastKnownFileType = text.plist.strings; path = Localizable.strings; sourceTree = "<group>"; };
		C9F03C8419171B4200355991 /* SGMainPageBussiness.h */ = {isa = PBXFileReference; fileEncoding = 4; lastKnownFileType = sourcecode.c.h; path = SGMainPageBussiness.h; sourceTree = "<group>"; };
		C9F03C8519171B4200355991 /* SGMainPageBussiness.m */ = {isa = PBXFileReference; fileEncoding = 4; lastKnownFileType = sourcecode.c.objc; path = SGMainPageBussiness.m; sourceTree = "<group>"; };
		C9F03C8719171C0700355991 /* SGAPPConfig.h */ = {isa = PBXFileReference; fileEncoding = 4; lastKnownFileType = sourcecode.c.h; path = SGAPPConfig.h; sourceTree = "<group>"; };
		C9F03C8819171C0700355991 /* SGAPPConfig.m */ = {isa = PBXFileReference; fileEncoding = 4; lastKnownFileType = sourcecode.c.objc; path = SGAPPConfig.m; sourceTree = "<group>"; };
		C9F03C8D19171F9200355991 /* libsqlite3.dylib */ = {isa = PBXFileReference; lastKnownFileType = "compiled.mach-o.dylib"; name = libsqlite3.dylib; path = usr/lib/libsqlite3.dylib; sourceTree = SDKROOT; };
		C9F03C8F1917737C00355991 /* SGBaseBussiness.h */ = {isa = PBXFileReference; fileEncoding = 4; lastKnownFileType = sourcecode.c.h; path = SGBaseBussiness.h; sourceTree = "<group>"; };
		C9F03C901917737C00355991 /* SGBaseBussiness.m */ = {isa = PBXFileReference; fileEncoding = 4; lastKnownFileType = sourcecode.c.objc; path = SGBaseBussiness.m; sourceTree = "<group>"; };
		C9F26F321929EDB4006A4BAC /* SGCablePageBussiness.h */ = {isa = PBXFileReference; fileEncoding = 4; lastKnownFileType = sourcecode.c.h; path = SGCablePageBussiness.h; sourceTree = "<group>"; };
		C9F26F331929EDB4006A4BAC /* SGCablePageBussiness.m */ = {isa = PBXFileReference; fileEncoding = 4; lastKnownFileType = sourcecode.c.objc; path = SGCablePageBussiness.m; sourceTree = "<group>"; };
/* End PBXFileReference section */

/* Begin PBXFrameworksBuildPhase section */
		C9F03C2319170F5400355991 /* Frameworks */ = {
			isa = PBXFrameworksBuildPhase;
			buildActionMask = 2147483647;
			files = (
				C9EDB66619513CA900A62D08 /* libxml2.dylib in Frameworks */,
				C9EDB66419513C9E00A62D08 /* libxml2.2.dylib in Frameworks */,
				C9F03C8E19171F9200355991 /* libsqlite3.dylib in Frameworks */,
				C9F03C2C19170F5400355991 /* CoreGraphics.framework in Frameworks */,
				C9F03C2E19170F5400355991 /* UIKit.framework in Frameworks */,
				C9F03C2A19170F5400355991 /* Foundation.framework in Frameworks */,
			);
			runOnlyForDeploymentPostprocessing = 0;
		};
		C9F03C4419170F5400355991 /* Frameworks */ = {
			isa = PBXFrameworksBuildPhase;
			buildActionMask = 2147483647;
			files = (
				C9F03C4919170F5400355991 /* XCTest.framework in Frameworks */,
				C9F03C4B19170F5400355991 /* UIKit.framework in Frameworks */,
				C9F03C4A19170F5400355991 /* Foundation.framework in Frameworks */,
			);
			runOnlyForDeploymentPostprocessing = 0;
		};
/* End PBXFrameworksBuildPhase section */

/* Begin PBXGroup section */
		C9CF658D194DC18B00957BB1 /* View */ = {
			isa = PBXGroup;
			children = (
				C9DD683D194F1FB3005776B5 /* MainView */,
				C9DD683C194F1FA6005776B5 /* Dock */,
			);
			name = View;
			sourceTree = "<group>";
		};
		C9DD683C194F1FA6005776B5 /* Dock */ = {
			isa = PBXGroup;
			children = (
				C9CF65EE194DCF6400957BB1 /* UIImage+Fit.h */,
				C9CF65EF194DCF6400957BB1 /* UIImage+Fit.m */,
				C9CF6597194DC4FF00957BB1 /* SGLeftDock.h */,
				C9CF6598194DC4FF00957BB1 /* SGLeftDock.m */,
				C9CF65E1194DC97500957BB1 /* SGLeftDockItem.h */,
				C9CF65E2194DC97500957BB1 /* SGLeftDockItem.m */,
				C9CF65EB194DCDB200957BB1 /* SGLeftDockButton.h */,
				C9CF65EC194DCDB200957BB1 /* SGLeftDockButton.m */,
			);
			name = Dock;
			sourceTree = "<group>";
		};
		C9DD683D194F1FB3005776B5 /* MainView */ = {
			isa = PBXGroup;
			children = (
				C9EBBB19194E99BD005DE69A /* SGRoomCell.h */,
				C9EBBB1A194E99BD005DE69A /* SGRoomCell.m */,
				C9EBBB1C194E9A32005DE69A /* SGRoomCell.xib */,
				C9EBBB25194EB1DF005DE69A /* SGSectionHeaderView.h */,
				C9EBBB26194EB1DF005DE69A /* SGSectionHeaderView.m */,
				C9DD6839194F19C7005776B5 /* SGSectionFooterView.h */,
				C9DD683A194F19C7005776B5 /* SGSectionFooterView.m */,
			);
			name = MainView;
			sourceTree = "<group>";
		};
		C9EBBB09194E92A1005DE69A /* WebViewJSBridge */ = {
			isa = PBXGroup;
			children = (
				C9EBBB0A194E92B4005DE69A /* WebViewJavascriptBridge.h */,
				C9EBBB0C194E92B4005DE69A /* WebViewJavascriptBridge.m */,
				C9EBBB0B194E92B4005DE69A /* WebViewJavascriptBridge.js.txt */,
			);
			name = WebViewJSBridge;
			sourceTree = "<group>";
		};
		C9EBBB11194E955B005DE69A /* Home */ = {
			isa = PBXGroup;
			children = (
				C9CF658E194DC1C400957BB1 /* SGHomeViewController.h */,
				C9CF658F194DC1C400957BB1 /* SGHomeViewController.m */,
			);
			name = Home;
			sourceTree = "<group>";
		};
		C9EBBB12194E956D005DE69A /* Function */ = {
			isa = PBXGroup;
			children = (
				C9CF6600194DEDF600957BB1 /* SGBaseViewController.h */,
				C9CF6601194DEDF600957BB1 /* SGBaseViewController.m */,
				C9EBBB14194E9933005DE69A /* RoomView */,
				C9EBBB15194E9953005DE69A /* CableView */,
				C9EBBB16194E9960005DE69A /* FiberView */,
				C9EBBB17194E996B005DE69A /* PortView */,
				C9EBBB18194E9975005DE69A /* Other */,
			);
			name = Function;
			sourceTree = "<group>";
		};
		C9EBBB14194E9933005DE69A /* RoomView */ = {
			isa = PBXGroup;
			children = (
				C9CF6587194DA68500957BB1 /* SGMainViewController.h */,
				C9CF6588194DA68500957BB1 /* SGMainViewController.m */,
			);
			name = RoomView;
			sourceTree = "<group>";
		};
		C9EBBB15194E9953005DE69A /* CableView */ = {
			isa = PBXGroup;
			children = (
				C9CF658A194DA6B200957BB1 /* SGCableViewController.h */,
				C9CF658B194DA6B200957BB1 /* SGCableViewController.m */,
			);
			name = CableView;
			sourceTree = "<group>";
		};
		C9EBBB16194E9960005DE69A /* FiberView */ = {
			isa = PBXGroup;
			children = (
				C9CF6591194DC48D00957BB1 /* SGFiberViewController.h */,
				C9CF6592194DC48D00957BB1 /* SGFiberViewController.m */,
			);
			name = FiberView;
			sourceTree = "<group>";
		};
		C9EBBB17194E996B005DE69A /* PortView */ = {
			isa = PBXGroup;
			children = (
				C9CF6594194DC49700957BB1 /* SGPortViewController.h */,
				C9CF6595194DC49700957BB1 /* SGPortViewController.m */,
			);
			name = PortView;
			sourceTree = "<group>";
		};
		C9EBBB18194E9975005DE69A /* Other */ = {
			isa = PBXGroup;
			children = (
				C9CF65E4194DCB7F00957BB1 /* SGSettingViewController.h */,
				C9CF65E5194DCB7F00957BB1 /* SGSettingViewController.m */,
				C9CF65E7194DCBB500957BB1 /* SGScanViewController.h */,
				C9CF65E8194DCBB500957BB1 /* SGScanViewController.m */,
			);
			name = Other;
			sourceTree = "<group>";
		};
		C9EBBB21194E9F16005DE69A /* XML */ = {
			isa = PBXGroup;
			children = (
				C9EBBB1E194E9F13005DE69A /* XMLReader.h */,
				C9EBBB1F194E9F13005DE69A /* XMLReader.m */,
			);
			name = XML;
			sourceTree = "<group>";
		};
		C9EDB65F1951398200A62D08 /* GDataXML */ = {
			isa = PBXGroup;
			children = (
			);
			name = GDataXML;
			sourceTree = "<group>";
		};
		C9F03C1D19170F5400355991 = {
			isa = PBXGroup;
			children = (
				C9F03C2F19170F5400355991 /* SGClient */,
				C9F03C4E19170F5400355991 /* SGClientTests */,
				C9F03C2819170F5400355991 /* Frameworks */,
				C9F03C2719170F5400355991 /* Products */,
			);
			sourceTree = "<group>";
		};
		C9F03C2719170F5400355991 /* Products */ = {
			isa = PBXGroup;
			children = (
				C9F03C2619170F5400355991 /* SGClient.app */,
				C9F03C4719170F5400355991 /* SGClientTests.xctest */,
			);
			name = Products;
			sourceTree = "<group>";
		};
		C9F03C2819170F5400355991 /* Frameworks */ = {
			isa = PBXGroup;
			children = (
				C9EDB66519513CA900A62D08 /* libxml2.dylib */,
				C9EDB66319513C9E00A62D08 /* libxml2.2.dylib */,
				C9F03C8D19171F9200355991 /* libsqlite3.dylib */,
				C9F03C2919170F5400355991 /* Foundation.framework */,
				C9F03C2B19170F5400355991 /* CoreGraphics.framework */,
				C9F03C2D19170F5400355991 /* UIKit.framework */,
				C9F03C4819170F5400355991 /* XCTest.framework */,
			);
			name = Frameworks;
			sourceTree = "<group>";
		};
		C9F03C2F19170F5400355991 /* SGClient */ = {
			isa = PBXGroup;
			children = (
				C9F03C8B19171EC900355991 /* AppDelegate */,
				C9F03C8C19171ED600355991 /* ViewController */,
				C9CF658D194DC18B00957BB1 /* View */,
				C9F03C6119170F9C00355991 /* Model */,
				C9F03C6219170FAA00355991 /* External */,
				C9F03C771917117000355991 /* Helper */,
				C9F03C5E19170F8000355991 /* Resource */,
				C9F03C3019170F5400355991 /* Supporting Files */,
			);
			path = SGClient;
			sourceTree = "<group>";
		};
		C9F03C3019170F5400355991 /* Supporting Files */ = {
			isa = PBXGroup;
			children = (
				C9F03C3119170F5400355991 /* SGClient-Info.plist */,
				C9F03C3219170F5400355991 /* InfoPlist.strings */,
				C9F03C3519170F5400355991 /* main.m */,
				C9F03C3719170F5400355991 /* SGClient-Prefix.pch */,
			);
			name = "Supporting Files";
			sourceTree = "<group>";
		};
		C9F03C4E19170F5400355991 /* SGClientTests */ = {
			isa = PBXGroup;
			children = (
				C9F03C5419170F5400355991 /* SGClientTests.m */,
				C9F03C4F19170F5400355991 /* Supporting Files */,
			);
			path = SGClientTests;
			sourceTree = "<group>";
		};
		C9F03C4F19170F5400355991 /* Supporting Files */ = {
			isa = PBXGroup;
			children = (
				C9F03C5019170F5400355991 /* SGClientTests-Info.plist */,
				C9F03C5119170F5400355991 /* InfoPlist.strings */,
			);
			name = "Supporting Files";
			sourceTree = "<group>";
		};
		C9F03C5E19170F8000355991 /* Resource */ = {
			isa = PBXGroup;
			children = (
				C9F03C8A19171EAE00355991 /* Nibs */,
				C9F03C831917168C00355991 /* Stings */,
				C9F03C791917119A00355991 /* Images */,
				C9F03C781917118C00355991 /* Data */,
			);
			name = Resource;
			sourceTree = "<group>";
		};
		C9F03C6119170F9C00355991 /* Model */ = {
			isa = PBXGroup;
			children = (
				C9F03C741917113400355991 /* SGDataBase.h */,
				C9F03C751917113400355991 /* SGDataBase.m */,
				C9F03C8F1917737C00355991 /* SGBaseBussiness.h */,
				C9F03C901917737C00355991 /* SGBaseBussiness.m */,
				C9F03C8419171B4200355991 /* SGMainPageBussiness.h */,
				C9F03C8519171B4200355991 /* SGMainPageBussiness.m */,
				C9F26F321929EDB4006A4BAC /* SGCablePageBussiness.h */,
				C9F26F331929EDB4006A4BAC /* SGCablePageBussiness.m */,
				C9026390193D7F6A0020428E /* SGFiberPageBussiness.h */,
				C9026391193D7F6A0020428E /* SGFiberPageBussiness.m */,
				C9E1A224194C404900B6467B /* SGPortPageBussiness.h */,
				C9E1A225194C404900B6467B /* SGPortPageBussiness.m */,
				C9E1A22B194C831D00B6467B /* SGEntity.h */,
				C9E1A22C194C831D00B6467B /* SGEntity.m */,
			);
			name = Model;
			sourceTree = "<group>";
		};
		C9F03C6219170FAA00355991 /* External */ = {
			isa = PBXGroup;
			children = (
				C9EDB65F1951398200A62D08 /* GDataXML */,
				C9EBBB21194E9F16005DE69A /* XML */,
				C9EBBB09194E92A1005DE69A /* WebViewJSBridge */,
				C9F03C631917108600355991 /* FMDB */,
			);
			name = External;
			sourceTree = "<group>";
		};
		C9F03C631917108600355991 /* FMDB */ = {
			isa = PBXGroup;
			children = (
				C9F03C641917108F00355991 /* FMDB.h */,
				C9F03C651917108F00355991 /* FMDatabase.h */,
				C9F03C661917108F00355991 /* FMDatabase.m */,
				C9F03C671917108F00355991 /* FMResultSet.h */,
				C9F03C681917108F00355991 /* FMResultSet.m */,
				C9F03C691917108F00355991 /* FMDatabaseQueue.h */,
				C9F03C6A1917108F00355991 /* FMDatabaseQueue.m */,
				C9F03C6B1917108F00355991 /* FMDatabaseAdditions.h */,
				C9F03C6C1917108F00355991 /* FMDatabaseAdditions.m */,
				C9F03C6D1917108F00355991 /* FMDatabasePool.h */,
				C9F03C6E1917108F00355991 /* FMDatabasePool.m */,
			);
			name = FMDB;
			sourceTree = "<group>";
		};
		C9F03C771917117000355991 /* Helper */ = {
			isa = PBXGroup;
			children = (
				C9CF65F1194DDBC600957BB1 /* NUApp-Macro.h */,
				C9F03C7A191711C600355991 /* NUSynthesizeSingleton.h */,
				C9F03C7B191711C600355991 /* NUGCDSingleton.h */,
				C9F03C7E1917142C00355991 /* SGUtility.h */,
				C9F03C7F1917142C00355991 /* SGUtility.m */,
				C9F03C8719171C0700355991 /* SGAPPConfig.h */,
				C9F03C8819171C0700355991 /* SGAPPConfig.m */,
			);
			name = Helper;
			sourceTree = "<group>";
		};
		C9F03C781917118C00355991 /* Data */ = {
			isa = PBXGroup;
			children = (
				C9F03C5F19170F8A00355991 /* data.sqlite */,
			);
			name = Data;
			sourceTree = "<group>";
		};
		C9F03C791917119A00355991 /* Images */ = {
			isa = PBXGroup;
			children = (
				C9CF65FC194DE83B00957BB1 /* tab_bar_pic_wall_icon.png */,
				C9CF65FA194DE82F00957BB1 /* tab_bar_pic_setting_icon.png */,
				C9CF65F8194DE82200957BB1 /* tab_bar_app_icon.png */,
				C9CF65F6194DE79700957BB1 /* tabbar_separate_selected_bg.png */,
				C9CF65F4194DE78900957BB1 /* tabbar_separate_line.png */,
				C9CF65FE194DE97200957BB1 /* tabbar_separate_ugc_line_v.png */,
				C9CF65F2194DE75B00957BB1 /* tabbar_separate_g_line_v.png */,
				C9F03C4119170F5400355991 /* Images.xcassets */,
			);
			name = Images;
			sourceTree = "<group>";
		};
		C9F03C831917168C00355991 /* Stings */ = {
			isa = PBXGroup;
			children = (
				C9F03C811917168800355991 /* Localizable.strings */,
			);
			name = Stings;
			sourceTree = "<group>";
		};
		C9F03C8A19171EAE00355991 /* Nibs */ = {
			isa = PBXGroup;
			children = (
				C9F03C3B19170F5400355991 /* Main.storyboard */,
			);
			name = Nibs;
			sourceTree = "<group>";
		};
		C9F03C8B19171EC900355991 /* AppDelegate */ = {
			isa = PBXGroup;
			children = (
				C9F03C3819170F5400355991 /* SGAppDelegate.h */,
				C9F03C3919170F5400355991 /* SGAppDelegate.m */,
			);
			name = AppDelegate;
			sourceTree = "<group>";
		};
		C9F03C8C19171ED600355991 /* ViewController */ = {
			isa = PBXGroup;
			children = (
				C9EBBB11194E955B005DE69A /* Home */,
				C9EBBB12194E956D005DE69A /* Function */,
			);
			name = ViewController;
			sourceTree = "<group>";
		};
/* End PBXGroup section */

/* Begin PBXNativeTarget section */
		C9F03C2519170F5400355991 /* SGClient */ = {
			isa = PBXNativeTarget;
			buildConfigurationList = C9F03C5819170F5400355991 /* Build configuration list for PBXNativeTarget "SGClient" */;
			buildPhases = (
				C9F03C2219170F5400355991 /* Sources */,
				C9F03C2319170F5400355991 /* Frameworks */,
				C9F03C2419170F5400355991 /* Resources */,
			);
			buildRules = (
			);
			dependencies = (
			);
			name = SGClient;
			productName = SGClient;
			productReference = C9F03C2619170F5400355991 /* SGClient.app */;
			productType = "com.apple.product-type.application";
		};
		C9F03C4619170F5400355991 /* SGClientTests */ = {
			isa = PBXNativeTarget;
			buildConfigurationList = C9F03C5B19170F5400355991 /* Build configuration list for PBXNativeTarget "SGClientTests" */;
			buildPhases = (
				C9F03C4319170F5400355991 /* Sources */,
				C9F03C4419170F5400355991 /* Frameworks */,
				C9F03C4519170F5400355991 /* Resources */,
			);
			buildRules = (
			);
			dependencies = (
				C9F03C4D19170F5400355991 /* PBXTargetDependency */,
			);
			name = SGClientTests;
			productName = SGClientTests;
			productReference = C9F03C4719170F5400355991 /* SGClientTests.xctest */;
			productType = "com.apple.product-type.bundle.unit-test";
		};
/* End PBXNativeTarget section */

/* Begin PBXProject section */
		C9F03C1E19170F5400355991 /* Project object */ = {
			isa = PBXProject;
			attributes = {
				CLASSPREFIX = SG;
				LastUpgradeCheck = 0510;
				ORGANIZATIONNAME = XLDZ;
				TargetAttributes = {
					C9F03C4619170F5400355991 = {
						TestTargetID = C9F03C2519170F5400355991;
					};
				};
			};
			buildConfigurationList = C9F03C2119170F5400355991 /* Build configuration list for PBXProject "SGClient" */;
			compatibilityVersion = "Xcode 3.2";
			developmentRegion = English;
			hasScannedForEncodings = 0;
			knownRegions = (
				en,
				Base,
			);
			mainGroup = C9F03C1D19170F5400355991;
			productRefGroup = C9F03C2719170F5400355991 /* Products */;
			projectDirPath = "";
			projectRoot = "";
			targets = (
				C9F03C2519170F5400355991 /* SGClient */,
				C9F03C4619170F5400355991 /* SGClientTests */,
			);
		};
/* End PBXProject section */

/* Begin PBXResourcesBuildPhase section */
		C9F03C2419170F5400355991 /* Resources */ = {
			isa = PBXResourcesBuildPhase;
			buildActionMask = 2147483647;
			files = (
				C9CF65F9194DE82200957BB1 /* tab_bar_app_icon.png in Resources */,
				C9EBBB0D194E92B4005DE69A /* WebViewJavascriptBridge.js.txt in Resources */,
				C9EBBB1D194E9A32005DE69A /* SGRoomCell.xib in Resources */,
				C9CF65FD194DE83B00957BB1 /* tab_bar_pic_wall_icon.png in Resources */,
				C9F03C4219170F5400355991 /* Images.xcassets in Resources */,
				C9CF65F3194DE75B00957BB1 /* tabbar_separate_g_line_v.png in Resources */,
				C9CF65F7194DE79700957BB1 /* tabbar_separate_selected_bg.png in Resources */,
				C9F03C6019170F8A00355991 /* data.sqlite in Resources */,
				C9CF65F5194DE78900957BB1 /* tabbar_separate_line.png in Resources */,
				C9CF65FB194DE82F00957BB1 /* tab_bar_pic_setting_icon.png in Resources */,
				C9F03C3419170F5400355991 /* InfoPlist.strings in Resources */,
				C9F03C3D19170F5400355991 /* Main.storyboard in Resources */,
				C9F03C821917168800355991 /* Localizable.strings in Resources */,
				C9CF65FF194DE97200957BB1 /* tabbar_separate_ugc_line_v.png in Resources */,
			);
			runOnlyForDeploymentPostprocessing = 0;
		};
		C9F03C4519170F5400355991 /* Resources */ = {
			isa = PBXResourcesBuildPhase;
			buildActionMask = 2147483647;
			files = (
				C9F03C5319170F5400355991 /* InfoPlist.strings in Resources */,
			);
			runOnlyForDeploymentPostprocessing = 0;
		};
/* End PBXResourcesBuildPhase section */

/* Begin PBXSourcesBuildPhase section */
		C9F03C2219170F5400355991 /* Sources */ = {
			isa = PBXSourcesBuildPhase;
			buildActionMask = 2147483647;
			files = (
				C9F03C3A19170F5400355991 /* SGAppDelegate.m in Sources */,
				C9F03C911917737C00355991 /* SGBaseBussiness.m in Sources */,
				C9EBBB1B194E99BD005DE69A /* SGRoomCell.m in Sources */,
				C9EBBB27194EB1DF005DE69A /* SGSectionHeaderView.m in Sources */,
				C9F03C3619170F5400355991 /* main.m in Sources */,
				C9CF65F0194DCF6400957BB1 /* UIImage+Fit.m in Sources */,
				C9CF6596194DC49700957BB1 /* SGPortViewController.m in Sources */,
				C9F26F341929EDB4006A4BAC /* SGCablePageBussiness.m in Sources */,
				C9CF6589194DA68500957BB1 /* SGMainViewController.m in Sources */,
				C9F03C6F1917108F00355991 /* FMDatabase.m in Sources */,
				C9F03C701917108F00355991 /* FMResultSet.m in Sources */,
				C9CF6593194DC48D00957BB1 /* SGFiberViewController.m in Sources */,
				C9CF65E9194DCBB500957BB1 /* SGScanViewController.m in Sources */,
				C9F03C8919171C0700355991 /* SGAPPConfig.m in Sources */,
				C9F03C731917108F00355991 /* FMDatabasePool.m in Sources */,
				C9CF65E6194DCB7F00957BB1 /* SGSettingViewController.m in Sources */,
				C9DD683B194F19C7005776B5 /* SGSectionFooterView.m in Sources */,
				C9CF6599194DC4FF00957BB1 /* SGLeftDock.m in Sources */,
				C9F03C721917108F00355991 /* FMDatabaseAdditions.m in Sources */,
				C9F03C8619171B4200355991 /* SGMainPageBussiness.m in Sources */,
				C9E1A226194C404900B6467B /* SGPortPageBussiness.m in Sources */,
				C9CF658C194DA6B200957BB1 /* SGCableViewController.m in Sources */,
				C9CF65E3194DC97500957BB1 /* SGLeftDockItem.m in Sources */,
				C9CF65ED194DCDB200957BB1 /* SGLeftDockButton.m in Sources */,
				C9CF6602194DEDF600957BB1 /* SGBaseViewController.m in Sources */,
				C9026392193D7F6A0020428E /* SGFiberPageBussiness.m in Sources */,
				C9F03C761917113400355991 /* SGDataBase.m in Sources */,
				C9EBBB0E194E92B4005DE69A /* WebViewJavascriptBridge.m in Sources */,
				C9CF6590194DC1C400957BB1 /* SGHomeViewController.m in Sources */,
				C9F03C801917142C00355991 /* SGUtility.m in Sources */,
				C9F03C711917108F00355991 /* FMDatabaseQueue.m in Sources */,
				C9E1A22D194C831D00B6467B /* SGEntity.m in Sources */,
				C9EBBB20194E9F13005DE69A /* XMLReader.m in Sources */,
			);
			runOnlyForDeploymentPostprocessing = 0;
		};
		C9F03C4319170F5400355991 /* Sources */ = {
			isa = PBXSourcesBuildPhase;
			buildActionMask = 2147483647;
			files = (
				C9F03C5519170F5400355991 /* SGClientTests.m in Sources */,
			);
			runOnlyForDeploymentPostprocessing = 0;
		};
/* End PBXSourcesBuildPhase section */

/* Begin PBXTargetDependency section */
		C9F03C4D19170F5400355991 /* PBXTargetDependency */ = {
			isa = PBXTargetDependency;
			target = C9F03C2519170F5400355991 /* SGClient */;
			targetProxy = C9F03C4C19170F5400355991 /* PBXContainerItemProxy */;
		};
/* End PBXTargetDependency section */

/* Begin PBXVariantGroup section */
		C9F03C3219170F5400355991 /* InfoPlist.strings */ = {
			isa = PBXVariantGroup;
			children = (
				C9F03C3319170F5400355991 /* en */,
			);
			name = InfoPlist.strings;
			sourceTree = "<group>";
		};
		C9F03C3B19170F5400355991 /* Main.storyboard */ = {
			isa = PBXVariantGroup;
			children = (
				C9F03C3C19170F5400355991 /* Base */,
			);
			name = Main.storyboard;
			sourceTree = "<group>";
		};
		C9F03C5119170F5400355991 /* InfoPlist.strings */ = {
			isa = PBXVariantGroup;
			children = (
				C9F03C5219170F5400355991 /* en */,
			);
			name = InfoPlist.strings;
			sourceTree = "<group>";
		};
/* End PBXVariantGroup section */

/* Begin XCBuildConfiguration section */
		C9F03C5619170F5400355991 /* Debug */ = {
			isa = XCBuildConfiguration;
			buildSettings = {
				ALWAYS_SEARCH_USER_PATHS = NO;
				CLANG_CXX_LANGUAGE_STANDARD = "gnu++0x";
				CLANG_CXX_LIBRARY = "libc++";
				CLANG_ENABLE_MODULES = YES;
				CLANG_ENABLE_OBJC_ARC = YES;
				CLANG_WARN_BOOL_CONVERSION = YES;
				CLANG_WARN_CONSTANT_CONVERSION = YES;
				CLANG_WARN_DIRECT_OBJC_ISA_USAGE = YES_ERROR;
				CLANG_WARN_EMPTY_BODY = YES;
				CLANG_WARN_ENUM_CONVERSION = YES;
				CLANG_WARN_INT_CONVERSION = YES;
				CLANG_WARN_OBJC_ROOT_CLASS = YES_ERROR;
				CLANG_WARN__DUPLICATE_METHOD_MATCH = YES;
				"CODE_SIGN_IDENTITY[sdk=iphoneos*]" = "iPhone Developer";
				COPY_PHASE_STRIP = NO;
				GCC_C_LANGUAGE_STANDARD = gnu99;
				GCC_DYNAMIC_NO_PIC = NO;
				GCC_OPTIMIZATION_LEVEL = 0;
				GCC_PREPROCESSOR_DEFINITIONS = (
					"DEBUG=1",
					"$(inherited)",
				);
				GCC_SYMBOLS_PRIVATE_EXTERN = NO;
				GCC_WARN_64_TO_32_BIT_CONVERSION = YES;
				GCC_WARN_ABOUT_RETURN_TYPE = YES_ERROR;
				GCC_WARN_UNDECLARED_SELECTOR = YES;
				GCC_WARN_UNINITIALIZED_AUTOS = YES_AGGRESSIVE;
				GCC_WARN_UNUSED_FUNCTION = YES;
				GCC_WARN_UNUSED_VARIABLE = YES;
				IPHONEOS_DEPLOYMENT_TARGET = 7.1;
				ONLY_ACTIVE_ARCH = YES;
				SDKROOT = iphoneos;
				TARGETED_DEVICE_FAMILY = 2;
			};
			name = Debug;
		};
		C9F03C5719170F5400355991 /* Release */ = {
			isa = XCBuildConfiguration;
			buildSettings = {
				ALWAYS_SEARCH_USER_PATHS = NO;
				CLANG_CXX_LANGUAGE_STANDARD = "gnu++0x";
				CLANG_CXX_LIBRARY = "libc++";
				CLANG_ENABLE_MODULES = YES;
				CLANG_ENABLE_OBJC_ARC = YES;
				CLANG_WARN_BOOL_CONVERSION = YES;
				CLANG_WARN_CONSTANT_CONVERSION = YES;
				CLANG_WARN_DIRECT_OBJC_ISA_USAGE = YES_ERROR;
				CLANG_WARN_EMPTY_BODY = YES;
				CLANG_WARN_ENUM_CONVERSION = YES;
				CLANG_WARN_INT_CONVERSION = YES;
				CLANG_WARN_OBJC_ROOT_CLASS = YES_ERROR;
				CLANG_WARN__DUPLICATE_METHOD_MATCH = YES;
				"CODE_SIGN_IDENTITY[sdk=iphoneos*]" = "iPhone Developer";
				COPY_PHASE_STRIP = YES;
				ENABLE_NS_ASSERTIONS = NO;
				GCC_C_LANGUAGE_STANDARD = gnu99;
				GCC_WARN_64_TO_32_BIT_CONVERSION = YES;
				GCC_WARN_ABOUT_RETURN_TYPE = YES_ERROR;
				GCC_WARN_UNDECLARED_SELECTOR = YES;
				GCC_WARN_UNINITIALIZED_AUTOS = YES_AGGRESSIVE;
				GCC_WARN_UNUSED_FUNCTION = YES;
				GCC_WARN_UNUSED_VARIABLE = YES;
				IPHONEOS_DEPLOYMENT_TARGET = 7.1;
				SDKROOT = iphoneos;
				TARGETED_DEVICE_FAMILY = 2;
				VALIDATE_PRODUCT = YES;
			};
			name = Release;
		};
		C9F03C5919170F5400355991 /* Debug */ = {
			isa = XCBuildConfiguration;
			buildSettings = {
				ASSETCATALOG_COMPILER_APPICON_NAME = AppIcon;
				ASSETCATALOG_COMPILER_LAUNCHIMAGE_NAME = LaunchImage;
				GCC_PRECOMPILE_PREFIX_HEADER = YES;
				GCC_PREFIX_HEADER = "SGClient/SGClient-Prefix.pch";
				INFOPLIST_FILE = "SGClient/SGClient-Info.plist";
				IPHONEOS_DEPLOYMENT_TARGET = 6.0;
				PRODUCT_NAME = "$(TARGET_NAME)";
				WRAPPER_EXTENSION = app;
			};
			name = Debug;
		};
		C9F03C5A19170F5400355991 /* Release */ = {
			isa = XCBuildConfiguration;
			buildSettings = {
				ASSETCATALOG_COMPILER_APPICON_NAME = AppIcon;
				ASSETCATALOG_COMPILER_LAUNCHIMAGE_NAME = LaunchImage;
				GCC_PRECOMPILE_PREFIX_HEADER = YES;
				GCC_PREFIX_HEADER = "SGClient/SGClient-Prefix.pch";
				INFOPLIST_FILE = "SGClient/SGClient-Info.plist";
				IPHONEOS_DEPLOYMENT_TARGET = 6.0;
				PRODUCT_NAME = "$(TARGET_NAME)";
				WRAPPER_EXTENSION = app;
			};
			name = Release;
		};
		C9F03C5C19170F5400355991 /* Debug */ = {
			isa = XCBuildConfiguration;
			buildSettings = {
				BUNDLE_LOADER = "$(BUILT_PRODUCTS_DIR)/SGClient.app/SGClient";
				FRAMEWORK_SEARCH_PATHS = (
					"$(SDKROOT)/Developer/Library/Frameworks",
					"$(inherited)",
					"$(DEVELOPER_FRAMEWORKS_DIR)",
				);
				GCC_PRECOMPILE_PREFIX_HEADER = YES;
				GCC_PREFIX_HEADER = "SGClient/SGClient-Prefix.pch";
				GCC_PREPROCESSOR_DEFINITIONS = (
					"DEBUG=1",
					"$(inherited)",
				);
				INFOPLIST_FILE = "SGClientTests/SGClientTests-Info.plist";
				PRODUCT_NAME = "$(TARGET_NAME)";
				TEST_HOST = "$(BUNDLE_LOADER)";
				WRAPPER_EXTENSION = xctest;
			};
			name = Debug;
		};
		C9F03C5D19170F5400355991 /* Release */ = {
			isa = XCBuildConfiguration;
			buildSettings = {
				BUNDLE_LOADER = "$(BUILT_PRODUCTS_DIR)/SGClient.app/SGClient";
				FRAMEWORK_SEARCH_PATHS = (
					"$(SDKROOT)/Developer/Library/Frameworks",
					"$(inherited)",
					"$(DEVELOPER_FRAMEWORKS_DIR)",
				);
				GCC_PRECOMPILE_PREFIX_HEADER = YES;
				GCC_PREFIX_HEADER = "SGClient/SGClient-Prefix.pch";
				INFOPLIST_FILE = "SGClientTests/SGClientTests-Info.plist";
				PRODUCT_NAME = "$(TARGET_NAME)";
				TEST_HOST = "$(BUNDLE_LOADER)";
				WRAPPER_EXTENSION = xctest;
			};
			name = Release;
		};
/* End XCBuildConfiguration section */

/* Begin XCConfigurationList section */
		C9F03C2119170F5400355991 /* Build configuration list for PBXProject "SGClient" */ = {
			isa = XCConfigurationList;
			buildConfigurations = (
				C9F03C5619170F5400355991 /* Debug */,
				C9F03C5719170F5400355991 /* Release */,
			);
			defaultConfigurationIsVisible = 0;
			defaultConfigurationName = Release;
		};
		C9F03C5819170F5400355991 /* Build configuration list for PBXNativeTarget "SGClient" */ = {
			isa = XCConfigurationList;
			buildConfigurations = (
				C9F03C5919170F5400355991 /* Debug */,
				C9F03C5A19170F5400355991 /* Release */,
			);
			defaultConfigurationIsVisible = 0;
			defaultConfigurationName = Release;
		};
		C9F03C5B19170F5400355991 /* Build configuration list for PBXNativeTarget "SGClientTests" */ = {
			isa = XCConfigurationList;
			buildConfigurations = (
				C9F03C5C19170F5400355991 /* Debug */,
				C9F03C5D19170F5400355991 /* Release */,
			);
			defaultConfigurationIsVisible = 0;
			defaultConfigurationName = Release;
		};
/* End XCConfigurationList section */
	};
	rootObject = C9F03C1E19170F5400355991 /* Project object */;
}
